lockfileVersion: '9.0'

settings:
  autoInstallPeers: true
  excludeLinksFromLockfile: false

importers:

  .:
    dependencies:
      '@standard-schema/spec':
        specifier: ^1.1.0
        version: 1.1.0
      '@tanstack/react-store':
        specifier: ^0.11.1
        version: 0.11.1(react-dom@19.3.0(react@19.3.0))(react@19.3.0)
      '@tanstack/store':
        specifier: ^0.11.1
        version: 0.11.1
    devDependencies:
      '@tanstack/react-router':
        specifier: 1.170.38
        version: 1.170.38(react-dom@19.3.0(react@19.3.0))(react@19.3.0)
      '@types/node':
        specifier: 22.20.4
        version: 22.20.4
      '@types/react':
        specifier: 19.3.0
        version: 19.3.0
      '@types/react-dom':
        specifier: 19.3.0
        version: 19.3.0(@types/react@19.3.0)
      react:
        specifier: 19.3.0
        version: 19.3.0
      react-dom:
        specifier: 19.3.0
        version: 19.3.0(react@19.3.0)
      typescript:
        specifier: 6.0.3
        version: 6.0.3
      zod:
        specifier: 4.4.3
        version: 4.4.3

packages:

  '@standard-schema/spec@1.1.0':
    resolution: {integrity: sha512-l2aFy5jALhniG5HgqrD6jXLi/rUWrKvqN/qJx6yoJsgKhblVd+iqqU4RCXavm/jPityDo5TCvKMnpjKnOriy0w==}

  '@tanstack/history@1.162.4':
    resolution: {integrity: sha512-utTS5L2OkeYUzXGohL1Z8sefu1GLNOJcxe8Hd6iIdc/Xo1K1nDB2JEp4iSFhvYh33xKC9V91TxrS8qfrpoKobQ==}
    engines: {node: '>=20.19'}

  '@tanstack/react-router@1.170.38':
    resolution: {integrity: sha512-iHM9b0aDJbuvftmkiQXawzoqsdV68p2Re2safbVLCnxafe+iLKV++2i3hI/BMAP6uR92/Mjw94JKJJfD7pbwHQ==}
    engines: {node: '>=20.19'}
    peerDependencies:
      react: '>=18.0.0 || >=19.0.0'
      react-dom: '>=18.0.0 || >=19.0.0'

  '@tanstack/react-store@0.11.1':
    resolution: {integrity: sha512-HaIGKI3YLmjBYIvy5DFDY23oNaYZIsTZfngey07Uh5iLVJgM3bIGCnZeOFOqzjFld9JHWcaHJnasD/bKoGKwJQ==}
    peerDependencies:
      react: ^16.8.0 || ^17.0.0 || ^18.0.0 || ^19.0.0
      react-dom: ^16.8.0 || ^17.0.0 || ^18.0.0 || ^19.0.0

  '@tanstack/router-core@1.171.32':
    resolution: {integrity: sha512-X86Jqk3vB2KJcUfS6oLi7B7yxbaa59QEhZRPPP1fRx3k+Jw/Fu1UYVBcRtdwK/OccQnrlQdVoKvNO3QXmyEBOw==}
    engines: {node: '>=20.19'}

  '@tanstack/store@0.11.1':
    resolution: {integrity: sha512-mzTOBhypOuDJAy/D8n2MfUZ1HFkXnmSETviRyhqEC8LUE7/IZQExOTxMANj3KjTofYTkFNpBY67qaVrT41YccA==}

  '@types/node@22.20.4':
    resolution: {integrity: sha512-zJRE40jpHtKqE/C4fgHrAKQLJuSpzEnP9ff9Y7YtoR3Wd2pwqzlekDeEuUQXjRd+QCYnVnNwuJYmhdk9XV8gvA==}

  '@types/react-dom@19.3.0':
    resolution: {integrity: sha512-ZI7bU42mZXXKHn/qNLEw2IrbiINU7X5+vfgdixBHkCNpYWXjKgfQ/P+uyGb5CjOLB9UcnTeg3rylQtV2hym44Q==}
    peerDependencies:
      '@types/react': ^19.3.0

  '@types/react@19.3.0':
    resolution: {integrity: sha512-N0rFCuH9YoxG9/m61l9MfpJKfmLOVU0em7ipIz6TRgSSkvReLB9vL85GB+yr8Bs5leqpvg96JSwF4ZS1s4viQg==}

  cookie-es@3.1.1:
    resolution: {integrity: sha512-UaXxwISYJPTr9hwQxMFYZ7kNhSXboMXP+Z3TRX6f1/NyaGPfuNUZOWP1pUEb75B2HjfklIYLVRfWiFZJyC6Npg==}

  csstype@3.2.3:
    resolution: {integrity: sha512-z1HGKcYy2xA8AGQfwrn0PAy+PB7X/GSj3UVJW9qKyn43xWa+gl5nXmU4qqLMRzWVLFC8KusUX8T/0kCiOYpAIQ==}

  isbot@5.2.2:
    resolution: {integrity: sha512-iQcBXcd+Rv/pkubRyGh2utW2j1oPG5hZY6TUhVPpqK4G+o3IbxpJNx04hgksjc/N7GK5pEorUxDeg31cFgEk/w==}
    engines: {node: '>=18'}

  react-dom@19.3.0:
    resolution: {integrity: sha512-JDk8dgif51OjFoDE70+OT9ICyYr+69HlmihNwp1+Nsfbna3t5sIiCa9ZJktDmQ4/1b/rn26hIAR2uYXDMr5r0Q==}
    peerDependencies:
      react: ^19.3.0

  react@19.3.0:
    resolution: {integrity: sha512-E8LUcbtBWt20bbl2YoHfx4ZDBdxVTfOKtCZn9cDSJ4l6/nuoApcpIBcj47t2wZoVX8g2ZHuMHbiShgCR1T5Sog==}
    engines: {node: '>=0.10.0'}

  scheduler@0.28.0:
    resolution: {integrity: sha512-juorfCmIkIw8tT+p5BXSm6PJjQF/ycEYmKyzURCIt/RaZIhL+PulbQ9Yu2z1HdOJDdqDTlxA1+xKBmHXJsczAw==}

  seroval-plugins@1.6.7:
    resolution: {integrity: sha512-4Nk35ttD3DTDJW4hgw5StsVAPeU6qnDFnULAouw6tQ7oLTV/ICXrWpsXo2EE52eSP2joUMazbVf52mFEcADqRw==}
    engines: {node: '>=10'}
    peerDependencies:
      seroval: ^1.0

  seroval@1.6.7:
    resolution: {integrity: sha512-AeDcLh0yO2SFm9W71essgnSzLV9DI8ZH0x0knXn2DMnUZj728mpLbxjlbB6IqKCmqh8JA3cEqRyGoNkt584JcQ==}
    engines: {node: '>=10'}

  typescript@6.0.3:
    resolution: {integrity: sha512-y2TvuxSZPDyQakkFRPZHKFm+KKVqIisdg9/CZwm9ftvKXLP8NRWj38/ODjNbr43SsoXqNuAisEf1GdCxqWcdBw==}
    engines: {node: '>=14.17'}
    hasBin: true

  undici-types@6.21.0:
    resolution: {integrity: sha512-iwDZqg0QAGrg9Rav5H4n0M64c3mkR59cJ6wQp+7C4nI0gsmExaedaYLNO44eT4AtBBwjbTiGPMlt2Md0T9H9JQ==}

  use-sync-external-store@1.7.0:
    resolution: {integrity: sha512-6L+EeigHMQhdaIPNIFUKwfWJSwWFQ8gJbJ2DLOs5sDIegTwR9fRxvnM3uciHKjIZhFz+KAv2emhWMRvDmMcY8A==}
    peerDependencies:
      react: ^16.8.0 || ^17.0.0 || ^18.0.0 || ^19.0.0

  zod@4.4.3:
    resolution: {integrity: sha512-ytENFjIJFl2UwYglde2jchW2Hwm4GJFLDiSXWdTrJQBIN9Fcyp7n4DhxJEiWNAJMV1/BqWfW/kkg71UDcHJyTQ==}

snapshots:

  '@standard-schema/spec@1.1.0': {}

  '@tanstack/history@1.162.4': {}

  '@tanstack/react-router@1.170.38(react-dom@19.3.0(react@19.3.0))(react@19.3.0)':
    dependencies:
      '@tanstack/history': 1.162.4
      '@tanstack/react-store': 0.11.1(react-dom@19.3.0(react@19.3.0))(react@19.3.0)
      '@tanstack/router-core': 1.171.32
      isbot: 5.2.2
      react: 19.3.0
      react-dom: 19.3.0(react@19.3.0)

  '@tanstack/react-store@0.11.1(react-dom@19.3.0(react@19.3.0))(react@19.3.0)':
    dependencies:
      '@tanstack/store': 0.11.1
      react: 19.3.0
      react-dom: 19.3.0(react@19.3.0)
      use-sync-external-store: 1.7.0(react@19.3.0)

  '@tanstack/router-core@1.171.32':
    dependencies:
      '@tanstack/history': 1.162.4
      cookie-es: 3.1.1
      seroval: 1.6.7
      seroval-plugins: 1.6.7(seroval@1.6.7)

  '@tanstack/store@0.11.1': {}

  '@types/node@22.20.4':
    dependencies:
      undici-types: 6.21.0

  '@types/react-dom@19.3.0(@types/react@19.3.0)':
    dependencies:
      '@types/react': 19.3.0

  '@types/react@19.3.0':
    dependencies:
      csstype: 3.2.3

  cookie-es@3.1.1: {}

  csstype@3.2.3: {}

  isbot@5.2.2: {}

  react-dom@19.3.0(react@19.3.0):
    dependencies:
      react: 19.3.0
      scheduler: 0.28.0

  react@19.3.0: {}

  scheduler@0.28.0: {}

  seroval-plugins@1.6.7(seroval@1.6.7):
    dependencies:
      seroval: 1.6.7

  seroval@1.6.7: {}

  typescript@6.0.3: {}

  undici-types@6.21.0: {}

  use-sync-external-store@1.7.0(react@19.3.0):
    dependencies:
      react: 19.3.0

  zod@4.4.3: {}
